{
  "name": "OpenDotaGuides",
  "lockfileVersion": 3,
  "requires": true,
  "packages": {
    "": {
      "dependencies": {
        "dotaconstants": "^8.12.0"
      }
    },
    "node_modules/dotaconstants": {
      "version": "8.12.0",
      "resolved": "https://registry.npmjs.org/dotaconstants/-/dotaconstants-8.12.0.tgz",
      "integrity": "sha512-df8nl/maaqZ6VPgup8A33y1viHzb1He0pe4uL6LWogqxbfNmVc9zQCepi1Jwdh4g6KYGzmovqEpYk3OyQ3YKKA==",
      "license": "MIT"
    }
  }
}
